Microsoft Visual Studio Solution File, Format Version 12.00
# Visual Studio 2012
Project("{2150E333-8FDC-42A3-9474-1A3956D46DE8}") = "NetTiers", "NetTiers", "{F3A10C8D-3227-449F-A2CB-014DE2D7F415}"
EndProject
Project("{2150E333-8FDC-42A3-9474-1A3956D46DE8}") = "WindowServices", "WindowServices", "{F4B03C1C-0745-41A2-B79E-1416F733CCC3}"
EndProject
Project("{FAE04EC0-301F-11D3-BF4B-00C04F79EFBC}") = "RLM.Construction.Entities", "RLM.Construction.Entities\RLM.Construction.Entities.csproj", "{20E43088-4618-4F4A-B8AD-FC31B50D94CD}"
EndProject
Project("{FAE04EC0-301F-11D3-BF4B-00C04F79EFBC}") = "RLM.Construction.Data", "RLM.Construction.Data\RLM.Construction.Data.csproj", "{041C1BBE-0BFB-4D45-8125-9AB0BBC09A92}"
EndProject
Project("{FAE04EC0-301F-11D3-BF4B-00C04F79EFBC}") = "RLM.Construction.Data.SqlClient", "RLM.Construction.Data.SqlClient\RLM.Construction.Data.SqlClient.csproj", "{8996A7B4-57D3-440B-A545-A701844B8C4A}"
EndProject
Project("{FAE04EC0-301F-11D3-BF4B-00C04F79EFBC}") = "RLM.Construction.Services", "RLM.Construction.Services\RLM.Construction.Services.csproj", "{794327CE-DC0A-4381-89EE-4C00AFB08D5A}"
EndProject
Project("{FAE04EC0-301F-11D3-BF4B-00C04F79EFBC}") = "RLM.Construction.Web", "RLM.Construction.Web\RLM.Construction.Web.csproj", "{47FE3BE8-3E46-47CA-8494-473755867DD0}"
EndProject
Project("{FAE04EC0-301F-11D3-BF4B-00C04F79EFBC}") = "RLM.Configuration", "RLM.Configuration\RLM.Configuration.csproj", "{2B712C96-C336-4B2D-9686-AC3CF82C3F03}"
EndProject
Project("{FAE04EC0-301F-11D3-BF4B-00C04F79EFBC}") = "RLM.Core", "RLM.Core\RLM.Core.csproj", "{91B9ED72-B2C7-41DC-ADDD-621FB830849A}"
EndProject
Project("{FAE04EC0-301F-11D3-BF4B-00C04F79EFBC}") = "RLM.Construction.WebApplication", "RLM.Construction.WebApplication\RLM.Construction.WebApplication.csproj", "{3AD31B07-8484-4945-A8CB-E928F1EEA950}"
EndProject
Project("{FAE04EC0-301F-11D3-BF4B-00C04F79EFBC}") = "RLM.Construction.WebService", "RLM.Construction.WebService\RLM.Construction.WebService.csproj", "{A32DBBAD-6A59-45A4-BE83-D6B0FD4BB451}"
EndProject
Project("{FAE04EC0-301F-11D3-BF4B-00C04F79EFBC}") = "RLM.Construction.ServiceHelpers", "RLM.Construction.ServiceHelpers\RLM.Construction.ServiceHelpers.csproj", "{FDB1D83C-A0C6-4C7F-9AC5-2CC6FF184A26}"
EndProject
Project("{00D1A9C2-B5F0-4AF3-8072-F6C62B433612}") = "RLM.Construction.Databases", "RLM.Construction.Databases\RLM.Construction.Databases.sqlproj", "{2BDFE4FD-BBF1-446A-9C5F-C130FEC2E37C}"
EndProject
Global
	GlobalSection(SolutionConfigurationPlatforms) = preSolution
		Debug|Any CPU = Debug|Any CPU
		Release|Any CPU = Release|Any CPU
	EndGlobalSection
	GlobalSection(ProjectConfigurationPlatforms) = postSolution
		{20E43088-4618-4F4A-B8AD-FC31B50D94CD}.Debug|Any CPU.ActiveCfg = Debug|Any CPU
		{20E43088-4618-4F4A-B8AD-FC31B50D94CD}.Debug|Any CPU.Build.0 = Debug|Any CPU
		{20E43088-4618-4F4A-B8AD-FC31B50D94CD}.Release|Any CPU.ActiveCfg = Release|Any CPU
		{20E43088-4618-4F4A-B8AD-FC31B50D94CD}.Release|Any CPU.Build.0 = Release|Any CPU
		{041C1BBE-0BFB-4D45-8125-9AB0BBC09A92}.Debug|Any CPU.ActiveCfg = Debug|Any CPU
		{041C1BBE-0BFB-4D45-8125-9AB0BBC09A92}.Debug|Any CPU.Build.0 = Debug|Any CPU
		{041C1BBE-0BFB-4D45-8125-9AB0BBC09A92}.Release|Any CPU.ActiveCfg = Release|Any CPU
		{041C1BBE-0BFB-4D45-8125-9AB0BBC09A92}.Release|Any CPU.Build.0 = Release|Any CPU
		{8996A7B4-57D3-440B-A545-A701844B8C4A}.Debug|Any CPU.ActiveCfg = Debug|Any CPU
		{8996A7B4-57D3-440B-A545-A701844B8C4A}.Debug|Any CPU.Build.0 = Debug|Any CPU
		{8996A7B4-57D3-440B-A545-A701844B8C4A}.Release|Any CPU.ActiveCfg = Release|Any CPU
		{8996A7B4-57D3-440B-A545-A701844B8C4A}.Release|Any CPU.Build.0 = Release|Any CPU
		{794327CE-DC0A-4381-89EE-4C00AFB08D5A}.Debug|Any CPU.ActiveCfg = Debug|Any CPU
		{794327CE-DC0A-4381-89EE-4C00AFB08D5A}.Debug|Any CPU.Build.0 = Debug|Any CPU
		{794327CE-DC0A-4381-89EE-4C00AFB08D5A}.Release|Any CPU.ActiveCfg = Release|Any CPU
		{794327CE-DC0A-4381-89EE-4C00AFB08D5A}.Release|Any CPU.Build.0 = Release|Any CPU
		{47FE3BE8-3E46-47CA-8494-473755867DD0}.Debug|Any CPU.ActiveCfg = Debug|Any CPU
		{47FE3BE8-3E46-47CA-8494-473755867DD0}.Debug|Any CPU.Build.0 = Debug|Any CPU
		{47FE3BE8-3E46-47CA-8494-473755867DD0}.Release|Any CPU.ActiveCfg = Release|Any CPU
		{47FE3BE8-3E46-47CA-8494-473755867DD0}.Release|Any CPU.Build.0 = Release|Any CPU
		{2B712C96-C336-4B2D-9686-AC3CF82C3F03}.Debug|Any CPU.ActiveCfg = Debug|Any CPU
		{2B712C96-C336-4B2D-9686-AC3CF82C3F03}.Debug|Any CPU.Build.0 = Debug|Any CPU
		{2B712C96-C336-4B2D-9686-AC3CF82C3F03}.Release|Any CPU.ActiveCfg = Release|Any CPU
		{2B712C96-C336-4B2D-9686-AC3CF82C3F03}.Release|Any CPU.Build.0 = Release|Any CPU
		{91B9ED72-B2C7-41DC-ADDD-621FB830849A}.Debug|Any CPU.ActiveCfg = Debug|Any CPU
		{91B9ED72-B2C7-41DC-ADDD-621FB830849A}.Debug|Any CPU.Build.0 = Debug|Any CPU
		{91B9ED72-B2C7-41DC-ADDD-621FB830849A}.Release|Any CPU.ActiveCfg = Release|Any CPU
		{91B9ED72-B2C7-41DC-ADDD-621FB830849A}.Release|Any CPU.Build.0 = Release|Any CPU
		{3AD31B07-8484-4945-A8CB-E928F1EEA950}.Debug|Any CPU.ActiveCfg = Debug|Any CPU
		{3AD31B07-8484-4945-A8CB-E928F1EEA950}.Debug|Any CPU.Build.0 = Debug|Any CPU
		{3AD31B07-8484-4945-A8CB-E928F1EEA950}.Release|Any CPU.ActiveCfg = Release|Any CPU
		{3AD31B07-8484-4945-A8CB-E928F1EEA950}.Release|Any CPU.Build.0 = Release|Any CPU
		{A32DBBAD-6A59-45A4-BE83-D6B0FD4BB451}.Debug|Any CPU.ActiveCfg = Debug|Any CPU
		{A32DBBAD-6A59-45A4-BE83-D6B0FD4BB451}.Debug|Any CPU.Build.0 = Debug|Any CPU
		{A32DBBAD-6A59-45A4-BE83-D6B0FD4BB451}.Release|Any CPU.ActiveCfg = Release|Any CPU
		{A32DBBAD-6A59-45A4-BE83-D6B0FD4BB451}.Release|Any CPU.Build.0 = Release|Any CPU
		{FDB1D83C-A0C6-4C7F-9AC5-2CC6FF184A26}.Debug|Any CPU.ActiveCfg = Debug|Any CPU
		{FDB1D83C-A0C6-4C7F-9AC5-2CC6FF184A26}.Debug|Any CPU.Build.0 = Debug|Any CPU
		{FDB1D83C-A0C6-4C7F-9AC5-2CC6FF184A26}.Release|Any CPU.ActiveCfg = Release|Any CPU
		{FDB1D83C-A0C6-4C7F-9AC5-2CC6FF184A26}.Release|Any CPU.Build.0 = Release|Any CPU
		{2BDFE4FD-BBF1-446A-9C5F-C130FEC2E37C}.Debug|Any CPU.ActiveCfg = Debug|Any CPU
		{2BDFE4FD-BBF1-446A-9C5F-C130FEC2E37C}.Debug|Any CPU.Build.0 = Debug|Any CPU
		{2BDFE4FD-BBF1-446A-9C5F-C130FEC2E37C}.Debug|Any CPU.Deploy.0 = Debug|Any CPU
		{2BDFE4FD-BBF1-446A-9C5F-C130FEC2E37C}.Release|Any CPU.ActiveCfg = Release|Any CPU
		{2BDFE4FD-BBF1-446A-9C5F-C130FEC2E37C}.Release|Any CPU.Build.0 = Release|Any CPU
		{2BDFE4FD-BBF1-446A-9C5F-C130FEC2E37C}.Release|Any CPU.Deploy.0 = Release|Any CPU
	EndGlobalSection
	GlobalSection(SolutionProperties) = preSolution
		HideSolutionNode = FALSE
	EndGlobalSection
	GlobalSection(NestedProjects) = preSolution
		{20E43088-4618-4F4A-B8AD-FC31B50D94CD} = {F3A10C8D-3227-449F-A2CB-014DE2D7F415}
		{041C1BBE-0BFB-4D45-8125-9AB0BBC09A92} = {F3A10C8D-3227-449F-A2CB-014DE2D7F415}
		{8996A7B4-57D3-440B-A545-A701844B8C4A} = {F3A10C8D-3227-449F-A2CB-014DE2D7F415}
		{794327CE-DC0A-4381-89EE-4C00AFB08D5A} = {F3A10C8D-3227-449F-A2CB-014DE2D7F415}
		{47FE3BE8-3E46-47CA-8494-473755867DD0} = {F3A10C8D-3227-449F-A2CB-014DE2D7F415}
		{2B712C96-C336-4B2D-9686-AC3CF82C3F03} = {F3A10C8D-3227-449F-A2CB-014DE2D7F415}
		{91B9ED72-B2C7-41DC-ADDD-621FB830849A} = {F3A10C8D-3227-449F-A2CB-014DE2D7F415}
		{3AD31B07-8484-4945-A8CB-E928F1EEA950} = {F3A10C8D-3227-449F-A2CB-014DE2D7F415}
		{A32DBBAD-6A59-45A4-BE83-D6B0FD4BB451} = {F3A10C8D-3227-449F-A2CB-014DE2D7F415}
		{FDB1D83C-A0C6-4C7F-9AC5-2CC6FF184A26} = {F3A10C8D-3227-449F-A2CB-014DE2D7F415}
		{2BDFE4FD-BBF1-446A-9C5F-C130FEC2E37C} = {F3A10C8D-3227-449F-A2CB-014DE2D7F415}
	EndGlobalSection
EndGlobal
